
Microsoft Visual Studio Solution File, Format Version 12.00
# Visual Studio 15
VisualStudioVersion = 15.0.34729.27
MinimumVisualStudioVersion = 10.0.40219.1
Project("{FAE04EC0-301F-11D3-BF4B-00C04F79EFBC}") = "ventas2", "ventas2\ventas2.csproj", "{A862E0DB-B813-4E60-8363-7E684A2B9B5B}"
EndProject
Global
	GlobalSection(SolutionConfigurationPlatforms) = preSolution
		Debug|Any CPU = Debug|Any CPU
		Release|Any CPU = Release|Any CPU
	EndGlobalSection
	GlobalSection(ProjectConfigurationPlatforms) = postSolution
		{A862E0DB-B813-4E60-8363-7E684A2B9B5B}.Debug|Any CPU.ActiveCfg = Debug|Any CPU
		{A862E0DB-B813-4E60-8363-7E684A2B9B5B}.Debug|Any CPU.Build.0 = Debug|Any CPU
		{A862E0DB-B813-4E60-8363-7E684A2B9B5B}.Release|Any CPU.ActiveCfg = Release|Any CPU
		{A862E0DB-B813-4E60-8363-7E684A2B9B5B}.Release|Any CPU.Build.0 = Release|Any CPU
	EndGlobalSection
	GlobalSection(SolutionProperties) = preSolution
		HideSolutionNode = FALSE
	EndGlobalSection
	GlobalSection(ExtensibilityGlobals) = postSolution
		SolutionGuid = {BF1EC90C-DA2A-4E15-BF6C-B15A60D95096}
	EndGlobalSection
EndGlobal
